
Microsoft Visual Studio Solution File, Format Version 12.00
# Visual Studio Version 17
VisualStudioVersion = 17.8.34227.203
MinimumVisualStudioVersion = 10.0.40219.1
Project("{FAE04EC0-301F-11D3-BF4B-00C04F79EFBC}") = "Net8BearerToken", "Net8BearerToken\Net8BearerToken.csproj", "{42F5674D-6EED-453F-853A-CE77B9BD1E7B}"
EndProject
Global
	GlobalSection(SolutionConfigurationPlatforms) = preSolution
		Debug|Any CPU = Debug|Any CPU
		Release|Any CPU = Release|Any CPU
	EndGlobalSection
	GlobalSection(ProjectConfigurationPlatforms) = postSolution
		{42F5674D-6EED-453F-853A-CE77B9BD1E7B}.Debug|Any CPU.ActiveCfg = Debug|Any CPU
		{42F5674D-6EED-453F-853A-CE77B9BD1E7B}.Debug|Any CPU.Build.0 = Debug|Any CPU
		{42F5674D-6EED-453F-853A-CE77B9BD1E7B}.Release|Any CPU.ActiveCfg = Release|Any CPU
		{42F5674D-6EED-453F-853A-CE77B9BD1E7B}.Release|Any CPU.Build.0 = Release|Any CPU
	EndGlobalSection
	GlobalSection(SolutionProperties) = preSolution
		HideSolutionNode = FALSE
	EndGlobalSection
	GlobalSection(ExtensibilityGlobals) = postSolution
		SolutionGuid = {516F3290-6C5A-4D1E-8562-0D4C5478A19A}
	EndGlobalSection
EndGlobal
